// !$*UTF8*$!
{
	archiveVersion = 1;
	classes = {
	};
	objectVersion = 60;
	objects = {

/* Begin PBXBuildFile section */
		C2AF86892A903C4100C1D2E2 /* NiceChartApp.swift in Sources */ = {isa = PBXBuildFile; fileRef = C2AF86882A903C4100C1D2E2 /* NiceChartApp.swift */; };
		C2AF868D2A903C4200C1D2E2 /* Assets.xcassets in Resources */ = {isa = PBXBuildFile; fileRef = C2AF868C2A903C4200C1D2E2 /* Assets.xcassets */; };
		C2AF86902A903C4200C1D2E2 /* Preview Assets.xcassets in Resources */ = {isa = PBXBuildFile; fileRef = C2AF868F2A903C4200C1D2E2 /* Preview Assets.xcassets */; };
		C2AF869A2A903C4200C1D2E2 /* NiceChartTests.swift in Sources */ = {isa = PBXBuildFile; fileRef = C2AF86992A903C4200C1D2E2 /* NiceChartTests.swift */; };
		C2AF86A42A903C4200C1D2E2 /* NiceChartUITests.swift in Sources */ = {isa = PBXBuildFile; fileRef = C2AF86A32A903C4200C1D2E2 /* NiceChartUITests.swift */; };
		C2AF86A62A903C4200C1D2E2 /* NiceChartUITestsLaunchTests.swift in Sources */ = {isa = PBXBuildFile; fileRef = C2AF86A52A903C4200C1D2E2 /* NiceChartUITestsLaunchTests.swift */; };
		C2AF86B32A90465C00C1D2E2 /* CallToActionButtonStyle.swift in Sources */ = {isa = PBXBuildFile; fileRef = C2AF86B22A90465C00C1D2E2 /* CallToActionButtonStyle.swift */; };
		C2AF86C92A90615F00C1D2E2 /* Font+Extensions.swift in Sources */ = {isa = PBXBuildFile; fileRef = C2AF86C82A90615F00C1D2E2 /* Font+Extensions.swift */; };
		C2AF86CD2A9078D600C1D2E2 /* Text+Extensions.swift in Sources */ = {isa = PBXBuildFile; fileRef = C2AF86CC2A9078D600C1D2E2 /* Text+Extensions.swift */; };
		C2AF86CF2A908DC900C1D2E2 /* View+Extensions.swift in Sources */ = {isa = PBXBuildFile; fileRef = C2AF86CE2A908DC900C1D2E2 /* View+Extensions.swift */; };
		C2AF86D12A908E0700C1D2E2 /* PreviewDevice+Extensions.swift in Sources */ = {isa = PBXBuildFile; fileRef = C2AF86D02A908E0700C1D2E2 /* PreviewDevice+Extensions.swift */; };
		C2AF86D52A908EDB00C1D2E2 /* Level.swift in Sources */ = {isa = PBXBuildFile; fileRef = C2AF86D42A908EDB00C1D2E2 /* Level.swift */; };
		C2AF86D72A9091D900C1D2E2 /* ContentView.swift in Sources */ = {isa = PBXBuildFile; fileRef = C2AF868A2A903C4100C1D2E2 /* ContentView.swift */; };
		C2AF86D92A90945400C1D2E2 /* ViewModel.swift in Sources */ = {isa = PBXBuildFile; fileRef = C2AF86D82A90945400C1D2E2 /* ViewModel.swift */; };
		C2D6C0582B5E42E600DE2E20 /* Localizable.xcstrings in Resources */ = {isa = PBXBuildFile; fileRef = C2D6C0572B5E42E600DE2E20 /* Localizable.xcstrings */; };
		C2FBC8E72A90D26800D67B78 /* DateComponentsFormatter+Extensions.swift in Sources */ = {isa = PBXBuildFile; fileRef = C2FBC8E62A90D26800D67B78 /* DateComponentsFormatter+Extensions.swift */; };
/* End PBXBuildFile section */

/* Begin PBXContainerItemProxy section */
		C2AF86962A903C4200C1D2E2 /* PBXContainerItemProxy */ = {
			isa = PBXContainerItemProxy;
			containerPortal = C2AF867D2A903C4100C1D2E2 /* Project object */;
			proxyType = 1;
			remoteGlobalIDString = C2AF86842A903C4100C1D2E2;
			remoteInfo = NiceChart;
		};
		C2AF86A02A903C4200C1D2E2 /* PBXContainerItemProxy */ = {
			isa = PBXContainerItemProxy;
			containerPortal = C2AF867D2A903C4100C1D2E2 /* Project object */;
			proxyType = 1;
			remoteGlobalIDString = C2AF86842A903C4100C1D2E2;
			remoteInfo = NiceChart;
		};
/* End PBXContainerItemProxy section */

/* Begin PBXFileReference section */
		C2AF86852A903C4100C1D2E2 /* NiceChart.app */ = {isa = PBXFileReference; explicitFileType = wrapper.application; includeInIndex = 0; path = NiceChart.app; sourceTree = BUILT_PRODUCTS_DIR; };
		C2AF86882A903C4100C1D2E2 /* NiceChartApp.swift */ = {isa = PBXFileReference; lastKnownFileType = sourcecode.swift; path = NiceChartApp.swift; sourceTree = "<group>"; };
		C2AF868A2A903C4100C1D2E2 /* ContentView.swift */ = {isa = PBXFileReference; lastKnownFileType = sourcecode.swift; path = ContentView.swift; sourceTree = "<group>"; };
		C2AF868C2A903C4200C1D2E2 /* Assets.xcassets */ = {isa = PBXFileReference; lastKnownFileType = folder.assetcatalog; path = Assets.xcassets; sourceTree = "<group>"; };
		C2AF868F2A903C4200C1D2E2 /* Preview Assets.xcassets */ = {isa = PBXFileReference; lastKnownFileType = folder.assetcatalog; path = "Preview Assets.xcassets"; sourceTree = "<group>"; };
		C2AF86952A903C4200C1D2E2 /* NiceChartTests.xctest */ = {isa = PBXFileReference; explicitFileType = wrapper.cfbundle; includeInIndex = 0; path = NiceChartTests.xctest; sourceTree = BUILT_PRODUCTS_DIR; };
		C2AF86992A903C4200C1D2E2 /* NiceChartTests.swift */ = {isa = PBXFileReference; lastKnownFileType = sourcecode.swift; path = NiceChartTests.swift; sourceTree = "<group>"; };
		C2AF869F2A903C4200C1D2E2 /* NiceChartUITests.xctest */ = {isa = PBXFileReference; explicitFileType = wrapper.cfbundle; includeInIndex = 0; path = NiceChartUITests.xctest; sourceTree = BUILT_PRODUCTS_DIR; };
		C2AF86A32A903C4200C1D2E2 /* NiceChartUITests.swift */ = {isa = PBXFileReference; lastKnownFileType = sourcecode.swift; path = NiceChartUITests.swift; sourceTree = "<group>"; };
		C2AF86A52A903C4200C1D2E2 /* NiceChartUITestsLaunchTests.swift */ = {isa = PBXFileReference; lastKnownFileType = sourcecode.swift; path = NiceChartUITestsLaunchTests.swift; sourceTree = "<group>"; };
		C2AF86B22A90465C00C1D2E2 /* CallToActionButtonStyle.swift */ = {isa = PBXFileReference; lastKnownFileType = sourcecode.swift; path = CallToActionButtonStyle.swift; sourceTree = "<group>"; };
		C2AF86BD2A90597A00C1D2E2 /* Strings.swift */ = {isa = PBXFileReference; fileEncoding = 4; lastKnownFileType = sourcecode.swift; path = Strings.swift; sourceTree = "<group>"; };
		C2AF86BE2A90597A00C1D2E2 /* Assets.swift */ = {isa = PBXFileReference; fileEncoding = 4; lastKnownFileType = sourcecode.swift; path = Assets.swift; sourceTree = "<group>"; };
		C2AF86C82A90615F00C1D2E2 /* Font+Extensions.swift */ = {isa = PBXFileReference; lastKnownFileType = sourcecode.swift; path = "Font+Extensions.swift"; sourceTree = "<group>"; };
		C2AF86CC2A9078D600C1D2E2 /* Text+Extensions.swift */ = {isa = PBXFileReference; lastKnownFileType = sourcecode.swift; path = "Text+Extensions.swift"; sourceTree = "<group>"; };
		C2AF86CE2A908DC900C1D2E2 /* View+Extensions.swift */ = {isa = PBXFileReference; lastKnownFileType = sourcecode.swift; path = "View+Extensions.swift"; sourceTree = "<group>"; };
		C2AF86D02A908E0700C1D2E2 /* PreviewDevice+Extensions.swift */ = {isa = PBXFileReference; lastKnownFileType = sourcecode.swift; path = "PreviewDevice+Extensions.swift"; sourceTree = "<group>"; };
		C2AF86D42A908EDB00C1D2E2 /* Level.swift */ = {isa = PBXFileReference; lastKnownFileType = sourcecode.swift; path = Level.swift; sourceTree = "<group>"; };
		C2AF86D82A90945400C1D2E2 /* ViewModel.swift */ = {isa = PBXFileReference; lastKnownFileType = sourcecode.swift; path = ViewModel.swift; sourceTree = "<group>"; };
		C2D6C0572B5E42E600DE2E20 /* Localizable.xcstrings */ = {isa = PBXFileReference; fileEncoding = 4; lastKnownFileType = text.json.xcstrings; path = Localizable.xcstrings; sourceTree = "<group>"; };
		C2FBC8E62A90D26800D67B78 /* DateComponentsFormatter+Extensions.swift */ = {isa = PBXFileReference; lastKnownFileType = sourcecode.swift; path = "DateComponentsFormatter+Extensions.swift"; sourceTree = "<group>"; };
/* End PBXFileReference section */

/* Begin PBXFrameworksBuildPhase section */
		C2AF86822A903C4100C1D2E2 /* Frameworks */ = {
			isa = PBXFrameworksBuildPhase;
			buildActionMask = 2147483647;
			files = (
			);
			runOnlyForDeploymentPostprocessing = 0;
		};
		C2AF86922A903C4200C1D2E2 /* Frameworks */ = {
			isa = PBXFrameworksBuildPhase;
			buildActionMask = 2147483647;
			files = (
			);
			runOnlyForDeploymentPostprocessing = 0;
		};
		C2AF869C2A903C4200C1D2E2 /* Frameworks */ = {
			isa = PBXFrameworksBuildPhase;
			buildActionMask = 2147483647;
			files = (
			);
			runOnlyForDeploymentPostprocessing = 0;
		};
/* End PBXFrameworksBuildPhase section */

/* Begin PBXGroup section */
		C2AF867C2A903C4100C1D2E2 = {
			isa = PBXGroup;
			children = (
				C2AF86872A903C4100C1D2E2 /* NiceChart */,
				C2AF86982A903C4200C1D2E2 /* NiceChartTests */,
				C2AF86A22A903C4200C1D2E2 /* NiceChartUITests */,
				C2AF86862A903C4100C1D2E2 /* Products */,
			);
			sourceTree = "<group>";
			tabWidth = 2;
			usesTabs = 1;
		};
		C2AF86862A903C4100C1D2E2 /* Products */ = {
			isa = PBXGroup;
			children = (
				C2AF86852A903C4100C1D2E2 /* NiceChart.app */,
				C2AF86952A903C4200C1D2E2 /* NiceChartTests.xctest */,
				C2AF869F2A903C4200C1D2E2 /* NiceChartUITests.xctest */,
			);
			name = Products;
			sourceTree = "<group>";
		};
		C2AF86872A903C4100C1D2E2 /* NiceChart */ = {
			isa = PBXGroup;
			children = (
				C2AF86882A903C4100C1D2E2 /* NiceChartApp.swift */,
				C2AF86B62A9048A000C1D2E2 /* Common */,
				C2AF86D32A908ECA00C1D2E2 /* Models */,
				C2AF868E2A903C4200C1D2E2 /* Preview Content */,
				C2AF86B92A90595000C1D2E2 /* Resources */,
				C2AF86BA2A90596A00C1D2E2 /* Scenes */,
			);
			path = NiceChart;
			sourceTree = "<group>";
		};
		C2AF868E2A903C4200C1D2E2 /* Preview Content */ = {
			isa = PBXGroup;
			children = (
				C2AF868F2A903C4200C1D2E2 /* Preview Assets.xcassets */,
			);
			path = "Preview Content";
			sourceTree = "<group>";
		};
		C2AF86982A903C4200C1D2E2 /* NiceChartTests */ = {
			isa = PBXGroup;
			children = (
				C2AF86992A903C4200C1D2E2 /* NiceChartTests.swift */,
			);
			path = NiceChartTests;
			sourceTree = "<group>";
		};
		C2AF86A22A903C4200C1D2E2 /* NiceChartUITests */ = {
			isa = PBXGroup;
			children = (
				C2AF86A32A903C4200C1D2E2 /* NiceChartUITests.swift */,
				C2AF86A52A903C4200C1D2E2 /* NiceChartUITestsLaunchTests.swift */,
			);
			path = NiceChartUITests;
			sourceTree = "<group>";
		};
		C2AF86B62A9048A000C1D2E2 /* Common */ = {
			isa = PBXGroup;
			children = (
				C2AF86C52A905A0000C1D2E2 /* Extensions */,
				C2AF86B72A9048A700C1D2E2 /* Helpers */,
				C2AF86DB2A9099F900C1D2E2 /* Localizations */,
			);
			path = Common;
			sourceTree = "<group>";
		};
		C2AF86B72A9048A700C1D2E2 /* Helpers */ = {
			isa = PBXGroup;
			children = (
				C2AF86B82A90539C00C1D2E2 /* SwiftGen */,
			);
			path = Helpers;
			sourceTree = "<group>";
		};
		C2AF86B82A90539C00C1D2E2 /* SwiftGen */ = {
			isa = PBXGroup;
			children = (
				C2AF86BE2A90597A00C1D2E2 /* Assets.swift */,
				C2AF86BD2A90597A00C1D2E2 /* Strings.swift */,
			);
			path = SwiftGen;
			sourceTree = "<group>";
		};
		C2AF86B92A90595000C1D2E2 /* Resources */ = {
			isa = PBXGroup;
			children = (
				C2AF868C2A903C4200C1D2E2 /* Assets.xcassets */,
			);
			path = Resources;
			sourceTree = "<group>";
		};
		C2AF86BA2A90596A00C1D2E2 /* Scenes */ = {
			isa = PBXGroup;
			children = (
				C2AF86D62A9091A300C1D2E2 /* Home */,
				C2AF86D22A908EC000C1D2E2 /* Styles */,
			);
			path = Scenes;
			sourceTree = "<group>";
		};
		C2AF86C52A905A0000C1D2E2 /* Extensions */ = {
			isa = PBXGroup;
			children = (
				C2FBC8E52A90D25900D67B78 /* Foundation */,
				C2FBC8E42A90D25300D67B78 /* SwiftUI */,
			);
			path = Extensions;
			sourceTree = "<group>";
		};
		C2AF86D22A908EC000C1D2E2 /* Styles */ = {
			isa = PBXGroup;
			children = (
				C2AF86B22A90465C00C1D2E2 /* CallToActionButtonStyle.swift */,
			);
			path = Styles;
			sourceTree = "<group>";
		};
		C2AF86D32A908ECA00C1D2E2 /* Models */ = {
			isa = PBXGroup;
			children = (
				C2AF86D42A908EDB00C1D2E2 /* Level.swift */,
			);
			path = Models;
			sourceTree = "<group>";
		};
		C2AF86D62A9091A300C1D2E2 /* Home */ = {
			isa = PBXGroup;
			children = (
				C2AF868A2A903C4100C1D2E2 /* ContentView.swift */,
				C2AF86D82A90945400C1D2E2 /* ViewModel.swift */,
			);
			path = Home;
			sourceTree = "<group>";
		};
		C2AF86DB2A9099F900C1D2E2 /* Localizations */ = {
			isa = PBXGroup;
			children = (
				C2D6C0572B5E42E600DE2E20 /* Localizable.xcstrings */,
			);
			path = Localizations;
			sourceTree = "<group>";
		};
		C2FBC8E42A90D25300D67B78 /* SwiftUI */ = {
			isa = PBXGroup;
			children = (
				C2AF86C82A90615F00C1D2E2 /* Font+Extensions.swift */,
				C2AF86D02A908E0700C1D2E2 /* PreviewDevice+Extensions.swift */,
				C2AF86CC2A9078D600C1D2E2 /* Text+Extensions.swift */,
				C2AF86CE2A908DC900C1D2E2 /* View+Extensions.swift */,
			);
			path = SwiftUI;
			sourceTree = "<group>";
		};
		C2FBC8E52A90D25900D67B78 /* Foundation */ = {
			isa = PBXGroup;
			children = (
				C2FBC8E62A90D26800D67B78 /* DateComponentsFormatter+Extensions.swift */,
			);
			path = Foundation;
			sourceTree = "<group>";
		};
/* End PBXGroup section */

/* Begin PBXNativeTarget section */
		C2AF86842A903C4100C1D2E2 /* NiceChart */ = {
			isa = PBXNativeTarget;
			buildConfigurationList = C2AF86A92A903C4200C1D2E2 /* Build configuration list for PBXNativeTarget "NiceChart" */;
			buildPhases = (
				C2AF86B42A9046AA00C1D2E2 /* Run Script: SwiftGen */,
				C2AF86B52A9046B300C1D2E2 /* Run Script: SwiftLint */,
				C2AF86812A903C4100C1D2E2 /* Sources */,
				C2AF86822A903C4100C1D2E2 /* Frameworks */,
				C2AF86832A903C4100C1D2E2 /* Resources */,
			);
			buildRules = (
			);
			dependencies = (
			);
			name = NiceChart;
			productName = NiceChart;
			productReference = C2AF86852A903C4100C1D2E2 /* NiceChart.app */;
			productType = "com.apple.product-type.application";
		};
		C2AF86942A903C4200C1D2E2 /* NiceChartTests */ = {
			isa = PBXNativeTarget;
			buildConfigurationList = C2AF86AC2A903C4200C1D2E2 /* Build configuration list for PBXNativeTarget "NiceChartTests" */;
			buildPhases = (
				C2AF86912A903C4200C1D2E2 /* Sources */,
				C2AF86922A903C4200C1D2E2 /* Frameworks */,
				C2AF86932A903C4200C1D2E2 /* Resources */,
			);
			buildRules = (
			);
			dependencies = (
				C2AF86972A903C4200C1D2E2 /* PBXTargetDependency */,
			);
			name = NiceChartTests;
			productName = NiceChartTests;
			productReference = C2AF86952A903C4200C1D2E2 /* NiceChartTests.xctest */;
			productType = "com.apple.product-type.bundle.unit-test";
		};
		C2AF869E2A903C4200C1D2E2 /* NiceChartUITests */ = {
			isa = PBXNativeTarget;
			buildConfigurationList = C2AF86AF2A903C4200C1D2E2 /* Build configuration list for PBXNativeTarget "NiceChartUITests" */;
			buildPhases = (
				C2AF869B2A903C4200C1D2E2 /* Sources */,
				C2AF869C2A903C4200C1D2E2 /* Frameworks */,
				C2AF869D2A903C4200C1D2E2 /* Resources */,
			);
			buildRules = (
			);
			dependencies = (
				C2AF86A12A903C4200C1D2E2 /* PBXTargetDependency */,
			);
			name = NiceChartUITests;
			productName = NiceChartUITests;
			productReference = C2AF869F2A903C4200C1D2E2 /* NiceChartUITests.xctest */;
			productType = "com.apple.product-type.bundle.ui-testing";
		};
/* End PBXNativeTarget section */

/* Begin PBXProject section */
		C2AF867D2A903C4100C1D2E2 /* Project object */ = {
			isa = PBXProject;
			attributes = {
				BuildIndependentTargetsInParallel = 1;
				LastSwiftUpdateCheck = 1430;
				LastUpgradeCheck = 1500;
				ORGANIZATIONNAME = "ElBadaoui Inc.";
				TargetAttributes = {
					C2AF86842A903C4100C1D2E2 = {
						CreatedOnToolsVersion = 14.3.1;
					};
					C2AF86942A903C4200C1D2E2 = {
						CreatedOnToolsVersion = 14.3.1;
						TestTargetID = C2AF86842A903C4100C1D2E2;
					};
					C2AF869E2A903C4200C1D2E2 = {
						CreatedOnToolsVersion = 14.3.1;
						TestTargetID = C2AF86842A903C4100C1D2E2;
					};
				};
			};
			buildConfigurationList = C2AF86802A903C4100C1D2E2 /* Build configuration list for PBXProject "NiceChart" */;
			compatibilityVersion = "Xcode 15.0";
			developmentRegion = ja;
			hasScannedForEncodings = 0;
			knownRegions = (
				en,
				Base,
				ja,
				ar,
			);
			mainGroup = C2AF867C2A903C4100C1D2E2;
			productRefGroup = C2AF86862A903C4100C1D2E2 /* Products */;
			projectDirPath = "";
			projectRoot = "";
			targets = (
				C2AF86842A903C4100C1D2E2 /* NiceChart */,
				C2AF86942A903C4200C1D2E2 /* NiceChartTests */,
				C2AF869E2A903C4200C1D2E2 /* NiceChartUITests */,
			);
		};
/* End PBXProject section */

/* Begin PBXResourcesBuildPhase section */
		C2AF86832A903C4100C1D2E2 /* Resources */ = {
			isa = PBXResourcesBuildPhase;
			buildActionMask = 2147483647;
			files = (
				C2AF86902A903C4200C1D2E2 /* Preview Assets.xcassets in Resources */,
				C2AF868D2A903C4200C1D2E2 /* Assets.xcassets in Resources */,
				C2D6C0582B5E42E600DE2E20 /* Localizable.xcstrings in Resources */,
			);
			runOnlyForDeploymentPostprocessing = 0;
		};
		C2AF86932A903C4200C1D2E2 /* Resources */ = {
			isa = PBXResourcesBuildPhase;
			buildActionMask = 2147483647;
			files = (
			);
			runOnlyForDeploymentPostprocessing = 0;
		};
		C2AF869D2A903C4200C1D2E2 /* Resources */ = {
			isa = PBXResourcesBuildPhase;
			buildActionMask = 2147483647;
			files = (
			);
			runOnlyForDeploymentPostprocessing = 0;
		};
/* End PBXResourcesBuildPhase section */

/* Begin PBXShellScriptBuildPhase section */
		C2AF86B42A9046AA00C1D2E2 /* Run Script: SwiftGen */ = {
			isa = PBXShellScriptBuildPhase;
			alwaysOutOfDate = 1;
			buildActionMask = 2147483647;
			files = (
			);
			inputFileListPaths = (
			);
			inputPaths = (
			);
			name = "Run Script: SwiftGen";
			outputFileListPaths = (
			);
			outputPaths = (
			);
			runOnlyForDeploymentPostprocessing = 0;
			shellPath = /bin/sh;
			shellScript = "# Skip SwiftGen when archiving\nexit 0\nif [ \"${ACTION}\" = 'install' ]; then\n  echo 'When archiving, skip SwiftGen.'\n  exit 0\nfi\n\n# Set Apple Silicon HomeBrew location\nif [ -d '/opt/homebrew/bin/' ]; then\n  export PATH=\"/opt/homebrew/bin/:${PATH}\"\nfi\n\nif type swiftgen >/dev/null 2>&1; then\n  swiftgen\nelse\n  echo 'warning: SwiftGen not installed. Download it from https://github.com/SwiftGen/SwiftGen'\nfi\n";
		};
		C2AF86B52A9046B300C1D2E2 /* Run Script: SwiftLint */ = {
			isa = PBXShellScriptBuildPhase;
			alwaysOutOfDate = 1;
			buildActionMask = 2147483647;
			files = (
			);
			inputFileListPaths = (
			);
			inputPaths = (
			);
			name = "Run Script: SwiftLint";
			outputFileListPaths = (
			);
			outputPaths = (
			);
			runOnlyForDeploymentPostprocessing = 0;
			shellPath = /bin/sh;
			shellScript = "# アーカイブするときにSwiftLintを飛ばす。\nif [ \"${ACTION}\" = 'install' ]; then\n  echo 'When archiving, skip SwiftLint.'\n  exit 0\nfi\n\n# Set Apple Silicon HomeBrew location\nif [ -d '/opt/homebrew/bin/' ]; then\n  export PATH=\"/opt/homebrew/bin/:${PATH}\"\nfi\n\nif type swiftlint >/dev/null 2>&1; then\n  swiftlint\nelse\n  echo 'warning: SwiftLint not installed, download it from https://github.com/realm/SwiftLint'\nfi\n";
		};
/* End PBXShellScriptBuildPhase section */

/* Begin PBXSourcesBuildPhase section */
		C2AF86812A903C4100C1D2E2 /* Sources */ = {
			isa = PBXSourcesBuildPhase;
			buildActionMask = 2147483647;
			files = (
				C2AF86B32A90465C00C1D2E2 /* CallToActionButtonStyle.swift in Sources */,
				C2FBC8E72A90D26800D67B78 /* DateComponentsFormatter+Extensions.swift in Sources */,
				C2AF86D12A908E0700C1D2E2 /* PreviewDevice+Extensions.swift in Sources */,
				C2AF86D92A90945400C1D2E2 /* ViewModel.swift in Sources */,
				C2AF86CD2A9078D600C1D2E2 /* Text+Extensions.swift in Sources */,
				C2AF86C92A90615F00C1D2E2 /* Font+Extensions.swift in Sources */,
				C2AF86892A903C4100C1D2E2 /* NiceChartApp.swift in Sources */,
				C2AF86D72A9091D900C1D2E2 /* ContentView.swift in Sources */,
				C2AF86CF2A908DC900C1D2E2 /* View+Extensions.swift in Sources */,
				C2AF86D52A908EDB00C1D2E2 /* Level.swift in Sources */,
			);
			runOnlyForDeploymentPostprocessing = 0;
		};
		C2AF86912A903C4200C1D2E2 /* Sources */ = {
			isa = PBXSourcesBuildPhase;
			buildActionMask = 2147483647;
			files = (
				C2AF869A2A903C4200C1D2E2 /* NiceChartTests.swift in Sources */,
			);
			runOnlyForDeploymentPostprocessing = 0;
		};
		C2AF869B2A903C4200C1D2E2 /* Sources */ = {
			isa = PBXSourcesBuildPhase;
			buildActionMask = 2147483647;
			files = (
				C2AF86A62A903C4200C1D2E2 /* NiceChartUITestsLaunchTests.swift in Sources */,
				C2AF86A42A903C4200C1D2E2 /* NiceChartUITests.swift in Sources */,
			);
			runOnlyForDeploymentPostprocessing = 0;
		};
/* End PBXSourcesBuildPhase section */

/* Begin PBXTargetDependency section */
		C2AF86972A903C4200C1D2E2 /* PBXTargetDependency */ = {
			isa = PBXTargetDependency;
			target = C2AF86842A903C4100C1D2E2 /* NiceChart */;
			targetProxy = C2AF86962A903C4200C1D2E2 /* PBXContainerItemProxy */;
		};
		C2AF86A12A903C4200C1D2E2 /* PBXTargetDependency */ = {
			isa = PBXTargetDependency;
			target = C2AF86842A903C4100C1D2E2 /* NiceChart */;
			targetProxy = C2AF86A02A903C4200C1D2E2 /* PBXContainerItemProxy */;
		};
/* End PBXTargetDependency section */

/* Begin XCBuildConfiguration section */
		C2AF86A72A903C4200C1D2E2 /* Debug */ = {
			isa = XCBuildConfiguration;
			buildSettings = {
				ALWAYS_SEARCH_USER_PATHS = NO;
				ASSETCATALOG_COMPILER_GENERATE_SWIFT_ASSET_SYMBOL_EXTENSIONS = YES;
				CLANG_ANALYZER_LOCALIZABILITY_NONLOCALIZED = YES;
				CLANG_ANALYZER_NONNULL = YES;
				CLANG_ANALYZER_NUMBER_OBJECT_CONVERSION = YES_AGGRESSIVE;
				CLANG_CXX_LANGUAGE_STANDARD = "gnu++20";
				CLANG_ENABLE_MODULES = YES;
				CLANG_ENABLE_OBJC_ARC = YES;
				CLANG_ENABLE_OBJC_WEAK = YES;
				CLANG_WARN_BLOCK_CAPTURE_AUTORELEASING = YES;
				CLANG_WARN_BOOL_CONVERSION = YES;
				CLANG_WARN_COMMA = YES;
				CLANG_WARN_CONSTANT_CONVERSION = YES;
				CLANG_WARN_DEPRECATED_OBJC_IMPLEMENTATIONS = YES;
				CLANG_WARN_DIRECT_OBJC_ISA_USAGE = YES_ERROR;
				CLANG_WARN_DOCUMENTATION_COMMENTS = YES;
				CLANG_WARN_EMPTY_BODY = YES;
				CLANG_WARN_ENUM_CONVERSION = YES;
				CLANG_WARN_INFINITE_RECURSION = YES;
				CLANG_WARN_INT_CONVERSION = YES;
				CLANG_WARN_NON_LITERAL_NULL_CONVERSION = YES;
				CLANG_WARN_OBJC_IMPLICIT_RETAIN_SELF = YES;
				CLANG_WARN_OBJC_LITERAL_CONVERSION = YES;
				CLANG_WARN_OBJC_ROOT_CLASS = YES_ERROR;
				CLANG_WARN_QUOTED_INCLUDE_IN_FRAMEWORK_HEADER = YES;
				CLANG_WARN_RANGE_LOOP_ANALYSIS = YES;
				CLANG_WARN_STRICT_PROTOTYPES = YES;
				CLANG_WARN_SUSPICIOUS_MOVE = YES;
				CLANG_WARN_UNGUARDED_AVAILABILITY = YES_AGGRESSIVE;
				CLANG_WARN_UNREACHABLE_CODE = YES;
				CLANG_WARN__DUPLICATE_METHOD_MATCH = YES;
				COPY_PHASE_STRIP = NO;
				DEBUG_INFORMATION_FORMAT = dwarf;
				ENABLE_STRICT_OBJC_MSGSEND = YES;
				ENABLE_TESTABILITY = YES;
				GCC_C_LANGUAGE_STANDARD = gnu11;
				GCC_DYNAMIC_NO_PIC = NO;
				GCC_NO_COMMON_BLOCKS = YES;
				GCC_OPTIMIZATION_LEVEL = 0;
				GCC_PREPROCESSOR_DEFINITIONS = (
					"DEBUG=1",
					"$(inherited)",
				);
				GCC_WARN_64_TO_32_BIT_CONVERSION = YES;
				GCC_WARN_ABOUT_RETURN_TYPE = YES_ERROR;
				GCC_WARN_UNDECLARED_SELECTOR = YES;
				GCC_WARN_UNINITIALIZED_AUTOS = YES_AGGRESSIVE;
				GCC_WARN_UNUSED_FUNCTION = YES;
				GCC_WARN_UNUSED_VARIABLE = YES;
				IPHONEOS_DEPLOYMENT_TARGET = 16.4;
				LOCALIZATION_PREFERS_STRING_CATALOGS = YES;
				MTL_ENABLE_DEBUG_INFO = INCLUDE_SOURCE;
				MTL_FAST_MATH = YES;
				ONLY_ACTIVE_ARCH = YES;
				SDKROOT = iphoneos;
				SWIFT_ACTIVE_COMPILATION_CONDITIONS = DEBUG;
				SWIFT_OPTIMIZATION_LEVEL = "-Onone";
			};
			name = Debug;
		};
		C2AF86A82A903C4200C1D2E2 /* Release */ = {
			isa = XCBuildConfiguration;
			buildSettings = {
				ALWAYS_SEARCH_USER_PATHS = NO;
				ASSETCATALOG_COMPILER_GENERATE_SWIFT_ASSET_SYMBOL_EXTENSIONS = YES;
				CLANG_ANALYZER_LOCALIZABILITY_NONLOCALIZED = YES;
				CLANG_ANALYZER_NONNULL = YES;
				CLANG_ANALYZER_NUMBER_OBJECT_CONVERSION = YES_AGGRESSIVE;
				CLANG_CXX_LANGUAGE_STANDARD = "gnu++20";
				CLANG_ENABLE_MODULES = YES;
				CLANG_ENABLE_OBJC_ARC = YES;
				CLANG_ENABLE_OBJC_WEAK = YES;
				CLANG_WARN_BLOCK_CAPTURE_AUTORELEASING = YES;
				CLANG_WARN_BOOL_CONVERSION = YES;
				CLANG_WARN_COMMA = YES;
				CLANG_WARN_CONSTANT_CONVERSION = YES;
				CLANG_WARN_DEPRECATED_OBJC_IMPLEMENTATIONS = YES;
				CLANG_WARN_DIRECT_OBJC_ISA_USAGE = YES_ERROR;
				CLANG_WARN_DOCUMENTATION_COMMENTS = YES;
				CLANG_WARN_EMPTY_BODY = YES;
				CLANG_WARN_ENUM_CONVERSION = YES;
				CLANG_WARN_INFINITE_RECURSION = YES;
				CLANG_WARN_INT_CONVERSION = YES;
				CLANG_WARN_NON_LITERAL_NULL_CONVERSION = YES;
				CLANG_WARN_OBJC_IMPLICIT_RETAIN_SELF = YES;
				CLANG_WARN_OBJC_LITERAL_CONVERSION = YES;
				CLANG_WARN_OBJC_ROOT_CLASS = YES_ERROR;
				CLANG_WARN_QUOTED_INCLUDE_IN_FRAMEWORK_HEADER = YES;
				CLANG_WARN_RANGE_LOOP_ANALYSIS = YES;
				CLANG_WARN_STRICT_PROTOTYPES = YES;
				CLANG_WARN_SUSPICIOUS_MOVE = YES;
				CLANG_WARN_UNGUARDED_AVAILABILITY = YES_AGGRESSIVE;
				CLANG_WARN_UNREACHABLE_CODE = YES;
				CLANG_WARN__DUPLICATE_METHOD_MATCH = YES;
				COPY_PHASE_STRIP = NO;
				DEBUG_INFORMATION_FORMAT = "dwarf-with-dsym";
				ENABLE_NS_ASSERTIONS = NO;
				ENABLE_STRICT_OBJC_MSGSEND = YES;
				GCC_C_LANGUAGE_STANDARD = gnu11;
				GCC_NO_COMMON_BLOCKS = YES;
				GCC_WARN_64_TO_32_BIT_CONVERSION = YES;
				GCC_WARN_ABOUT_RETURN_TYPE = YES_ERROR;
				GCC_WARN_UNDECLARED_SELECTOR = YES;
				GCC_WARN_UNINITIALIZED_AUTOS = YES_AGGRESSIVE;
				GCC_WARN_UNUSED_FUNCTION = YES;
				GCC_WARN_UNUSED_VARIABLE = YES;
				IPHONEOS_DEPLOYMENT_TARGET = 16.4;
				LOCALIZATION_PREFERS_STRING_CATALOGS = YES;
				MTL_ENABLE_DEBUG_INFO = NO;
				MTL_FAST_MATH = YES;
				SDKROOT = iphoneos;
				SWIFT_COMPILATION_MODE = wholemodule;
				SWIFT_OPTIMIZATION_LEVEL = "-O";
				VALIDATE_PRODUCT = YES;
			};
			name = Release;
		};
		C2AF86AA2A903C4200C1D2E2 /* Debug */ = {
			isa = XCBuildConfiguration;
			buildSettings = {
				ASSETCATALOG_COMPILER_APPICON_NAME = AppIcon;
				ASSETCATALOG_COMPILER_GLOBAL_ACCENT_COLOR_NAME = AccentColor;
				CODE_SIGN_STYLE = Automatic;
				CURRENT_PROJECT_VERSION = 1;
				DEVELOPMENT_ASSET_PATHS = "\"NiceChart/Preview Content\"";
				DEVELOPMENT_TEAM = T2APCYYQ8S;
				ENABLE_PREVIEWS = YES;
				GENERATE_INFOPLIST_FILE = YES;
				INFOPLIST_KEY_LSApplicationCategoryType = "public.app-category.education";
				INFOPLIST_KEY_UIApplicationSceneManifest_Generation = YES;
				INFOPLIST_KEY_UIApplicationSupportsIndirectInputEvents = YES;
				INFOPLIST_KEY_UILaunchScreen_Generation = YES;
				INFOPLIST_KEY_UISupportedInterfaceOrientations_iPad = "UIInterfaceOrientationPortrait UIInterfaceOrientationPortraitUpsideDown UIInterfaceOrientationLandscapeLeft UIInterfaceOrientationLandscapeRight";
				INFOPLIST_KEY_UISupportedInterfaceOrientations_iPhone = "UIInterfaceOrientationPortrait UIInterfaceOrientationLandscapeLeft UIInterfaceOrientationLandscapeRight";
				LD_RUNPATH_SEARCH_PATHS = (
					"$(inherited)",
					"@executable_path/Frameworks",
				);
				MARKETING_VERSION = 1.0;
				PRODUCT_BUNDLE_IDENTIFIER = me.elbadaoui.NiceChart;
				PRODUCT_NAME = "$(TARGET_NAME)";
				SWIFT_EMIT_LOC_STRINGS = YES;
				SWIFT_VERSION = 5.0;
				TARGETED_DEVICE_FAMILY = "1,2";
			};
			name = Debug;
		};
		C2AF86AB2A903C4200C1D2E2 /* Release */ = {
			isa = XCBuildConfiguration;
			buildSettings = {
				ASSETCATALOG_COMPILER_APPICON_NAME = AppIcon;
				ASSETCATALOG_COMPILER_GLOBAL_ACCENT_COLOR_NAME = AccentColor;
				CODE_SIGN_STYLE = Automatic;
				CURRENT_PROJECT_VERSION = 1;
				DEVELOPMENT_ASSET_PATHS = "\"NiceChart/Preview Content\"";
				DEVELOPMENT_TEAM = T2APCYYQ8S;
				ENABLE_PREVIEWS = YES;
				GENERATE_INFOPLIST_FILE = YES;
				INFOPLIST_KEY_LSApplicationCategoryType = "public.app-category.education";
				INFOPLIST_KEY_UIApplicationSceneManifest_Generation = YES;
				INFOPLIST_KEY_UIApplicationSupportsIndirectInputEvents = YES;
				INFOPLIST_KEY_UILaunchScreen_Generation = YES;
				INFOPLIST_KEY_UISupportedInterfaceOrientations_iPad = "UIInterfaceOrientationPortrait UIInterfaceOrientationPortraitUpsideDown UIInterfaceOrientationLandscapeLeft UIInterfaceOrientationLandscapeRight";
				INFOPLIST_KEY_UISupportedInterfaceOrientations_iPhone = "UIInterfaceOrientationPortrait UIInterfaceOrientationLandscapeLeft UIInterfaceOrientationLandscapeRight";
				LD_RUNPATH_SEARCH_PATHS = (
					"$(inherited)",
					"@executable_path/Frameworks",
				);
				MARKETING_VERSION = 1.0;
				PRODUCT_BUNDLE_IDENTIFIER = me.elbadaoui.NiceChart;
				PRODUCT_NAME = "$(TARGET_NAME)";
				SWIFT_EMIT_LOC_STRINGS = YES;
				SWIFT_VERSION = 5.0;
				TARGETED_DEVICE_FAMILY = "1,2";
			};
			name = Release;
		};
		C2AF86AD2A903C4200C1D2E2 /* Debug */ = {
			isa = XCBuildConfiguration;
			buildSettings = {
				ALWAYS_EMBED_SWIFT_STANDARD_LIBRARIES = YES;
				BUNDLE_LOADER = "$(TEST_HOST)";
				CODE_SIGN_STYLE = Automatic;
				CURRENT_PROJECT_VERSION = 1;
				DEVELOPMENT_TEAM = 8RUY82Y2VS;
				GENERATE_INFOPLIST_FILE = YES;
				IPHONEOS_DEPLOYMENT_TARGET = 16.4;
				MARKETING_VERSION = 1.0;
				PRODUCT_BUNDLE_IDENTIFIER = me.elbadaoui.NiceChartTests;
				PRODUCT_NAME = "$(TARGET_NAME)";
				SWIFT_EMIT_LOC_STRINGS = NO;
				SWIFT_VERSION = 5.0;
				TARGETED_DEVICE_FAMILY = "1,2";
				TEST_HOST = "$(BUILT_PRODUCTS_DIR)/NiceChart.app/$(BUNDLE_EXECUTABLE_FOLDER_PATH)/NiceChart";
			};
			name = Debug;
		};
		C2AF86AE2A903C4200C1D2E2 /* Release */ = {
			isa = XCBuildConfiguration;
			buildSettings = {
				ALWAYS_EMBED_SWIFT_STANDARD_LIBRARIES = YES;
				BUNDLE_LOADER = "$(TEST_HOST)";
				CODE_SIGN_STYLE = Automatic;
				CURRENT_PROJECT_VERSION = 1;
				DEVELOPMENT_TEAM = 8RUY82Y2VS;
				GENERATE_INFOPLIST_FILE = YES;
				IPHONEOS_DEPLOYMENT_TARGET = 16.4;
				MARKETING_VERSION = 1.0;
				PRODUCT_BUNDLE_IDENTIFIER = me.elbadaoui.NiceChartTests;
				PRODUCT_NAME = "$(TARGET_NAME)";
				SWIFT_EMIT_LOC_STRINGS = NO;
				SWIFT_VERSION = 5.0;
				TARGETED_DEVICE_FAMILY = "1,2";
				TEST_HOST = "$(BUILT_PRODUCTS_DIR)/NiceChart.app/$(BUNDLE_EXECUTABLE_FOLDER_PATH)/NiceChart";
			};
			name = Release;
		};
		C2AF86B02A903C4200C1D2E2 /* Debug */ = {
			isa = XCBuildConfiguration;
			buildSettings = {
				ALWAYS_EMBED_SWIFT_STANDARD_LIBRARIES = YES;
				CODE_SIGN_STYLE = Automatic;
				CURRENT_PROJECT_VERSION = 1;
				DEVELOPMENT_TEAM = 8RUY82Y2VS;
				GENERATE_INFOPLIST_FILE = YES;
				MARKETING_VERSION = 1.0;
				PRODUCT_BUNDLE_IDENTIFIER = me.elbadaoui.NiceChartUITests;
				PRODUCT_NAME = "$(TARGET_NAME)";
				SWIFT_EMIT_LOC_STRINGS = NO;
				SWIFT_VERSION = 5.0;
				TARGETED_DEVICE_FAMILY = "1,2";
				TEST_TARGET_NAME = NiceChart;
			};
			name = Debug;
		};
		C2AF86B12A903C4200C1D2E2 /* Release */ = {
			isa = XCBuildConfiguration;
			buildSettings = {
				ALWAYS_EMBED_SWIFT_STANDARD_LIBRARIES = YES;
				CODE_SIGN_STYLE = Automatic;
				CURRENT_PROJECT_VERSION = 1;
				DEVELOPMENT_TEAM = 8RUY82Y2VS;
				GENERATE_INFOPLIST_FILE = YES;
				MARKETING_VERSION = 1.0;
				PRODUCT_BUNDLE_IDENTIFIER = me.elbadaoui.NiceChartUITests;
				PRODUCT_NAME = "$(TARGET_NAME)";
				SWIFT_EMIT_LOC_STRINGS = NO;
				SWIFT_VERSION = 5.0;
				TARGETED_DEVICE_FAMILY = "1,2";
				TEST_TARGET_NAME = NiceChart;
			};
			name = Release;
		};
/* End XCBuildConfiguration section */

/* Begin XCConfigurationList section */
		C2AF86802A903C4100C1D2E2 /* Build configuration list for PBXProject "NiceChart" */ = {
			isa = XCConfigurationList;
			buildConfigurations = (
				C2AF86A72A903C4200C1D2E2 /* Debug */,
				C2AF86A82A903C4200C1D2E2 /* Release */,
			);
			defaultConfigurationIsVisible = 0;
			defaultConfigurationName = Release;
		};
		C2AF86A92A903C4200C1D2E2 /* Build configuration list for PBXNativeTarget "NiceChart" */ = {
			isa = XCConfigurationList;
			buildConfigurations = (
				C2AF86AA2A903C4200C1D2E2 /* Debug */,
				C2AF86AB2A903C4200C1D2E2 /* Release */,
			);
			defaultConfigurationIsVisible = 0;
			defaultConfigurationName = Release;
		};
		C2AF86AC2A903C4200C1D2E2 /* Build configuration list for PBXNativeTarget "NiceChartTests" */ = {
			isa = XCConfigurationList;
			buildConfigurations = (
				C2AF86AD2A903C4200C1D2E2 /* Debug */,
				C2AF86AE2A903C4200C1D2E2 /* Release */,
			);
			defaultConfigurationIsVisible = 0;
			defaultConfigurationName = Release;
		};
		C2AF86AF2A903C4200C1D2E2 /* Build configuration list for PBXNativeTarget "NiceChartUITests" */ = {
			isa = XCConfigurationList;
			buildConfigurations = (
				C2AF86B02A903C4200C1D2E2 /* Debug */,
				C2AF86B12A903C4200C1D2E2 /* Release */,
			);
			defaultConfigurationIsVisible = 0;
			defaultConfigurationName = Release;
		};
/* End XCConfigurationList section */
	};
	rootObject = C2AF867D2A903C4100C1D2E2 /* Project object */;
}
